
Microsoft Visual Studio Solution File, Format Version 12.00
# Visual Studio Version 16
VisualStudioVersion = 16.0.29806.167
MinimumVisualStudioVersion = 10.0.40219.1
Project("{9A19103F-16F7-4668-BE54-9A1E7A4F7556}") = "MBOptionScreen", "MBOptionScreen\MBOptionScreen.csproj", "{2B06308E-0897-4A1D-8C8C-6143B0104A98}"
EndProject
Project("{FAE04EC0-301F-11D3-BF4B-00C04F79EFBC}") = "ModLib", "ModLib\ModLib.csproj", "{5E75A759-F31D-4162-82BF-D13A2FA8440E}"
EndProject
Global
	GlobalSection(SolutionConfigurationPlatforms) = preSolution
		Debug|Any CPU = Debug|Any CPU
		Release|Any CPU = Release|Any CPU
	EndGlobalSection
	GlobalSection(ProjectConfigurationPlatforms) = postSolution
		{2B06308E-0897-4A1D-8C8C-6143B0104A98}.Debug|Any CPU.ActiveCfg = Debug|Any CPU
		{2B06308E-0897-4A1D-8C8C-6143B0104A98}.Debug|Any CPU.Build.0 = Debug|Any CPU
		{2B06308E-0897-4A1D-8C8C-6143B0104A98}.Release|Any CPU.ActiveCfg = Release|Any CPU
		{2B06308E-0897-4A1D-8C8C-6143B0104A98}.Release|Any CPU.Build.0 = Release|Any CPU
		{5E75A759-F31D-4162-82BF-D13A2FA8440E}.Debug|Any CPU.ActiveCfg = Debug|Any CPU
		{5E75A759-F31D-4162-82BF-D13A2FA8440E}.Debug|Any CPU.Build.0 = Debug|Any CPU
		{5E75A759-F31D-4162-82BF-D13A2FA8440E}.Release|Any CPU.ActiveCfg = Release|Any CPU
		{5E75A759-F31D-4162-82BF-D13A2FA8440E}.Release|Any CPU.Build.0 = Release|Any CPU
	EndGlobalSection
	GlobalSection(SolutionProperties) = preSolution
		HideSolutionNode = FALSE
	EndGlobalSection
	GlobalSection(ExtensibilityGlobals) = postSolution
		SolutionGuid = {FF6EB7D0-C9CB-4A8B-AE72-0511907E6821}
	EndGlobalSection
EndGlobal
