
Microsoft Visual Studio Solution File, Format Version 12.00
# Visual Studio Version 16
VisualStudioVersion = 16.0.29806.167
MinimumVisualStudioVersion = 10.0.40219.1
Project("{9A19103F-16F7-4668-BE54-9A1E7A4F7556}") = "MCM", "MCM\MCM.csproj", "{9C153762-291C-455F-9AD4-9B69BFC6D168}"
EndProject
Project("{9A19103F-16F7-4668-BE54-9A1E7A4F7556}") = "MCM.Implementation", "MCM.Implementation\MCM.Implementation.csproj", "{B56B15AF-8052-4C90-AF03-FC3C2DD0A5BC}"
EndProject
Project("{9A19103F-16F7-4668-BE54-9A1E7A4F7556}") = "MCM.Implementation.MBO", "MCM.Implementation.MBO\MCM.Implementation.MBO.csproj", "{F2B0224F-C701-4360-AAEC-C18CE8AAD054}"
EndProject
Project("{9A19103F-16F7-4668-BE54-9A1E7A4F7556}") = "MCM.Standalone", "MCM.Standalone\MCM.Standalone.csproj", "{6AE0792A-78D0-4C8E-BF17-CE4DA5A7ABEF}"
EndProject
Project("{9A19103F-16F7-4668-BE54-9A1E7A4F7556}") = "MCM.Tests", "MCM.Tests\MCM.Tests.csproj", "{DD310B5C-00CA-4BC1-BD49-0DFFFBA272B1}"
EndProject
Project("{9A19103F-16F7-4668-BE54-9A1E7A4F7556}") = "MCM.UI", "MCM.UI\MCM.UI.csproj", "{AE2F2735-45DF-4BE5-BBED-0ED46ED8CC4E}"
EndProject
Project("{9A19103F-16F7-4668-BE54-9A1E7A4F7556}") = "ModLib Substitute", "ModLib Substitute\ModLib Substitute.csproj", "{4E360300-A0BF-400F-8A44-962F04C75C2D}"
EndProject
Project("{2150E333-8FDC-42A3-9474-1A3956D46DE8}") = "Tests", "Tests", "{43511F4A-5CCA-41F0-AEB4-38D8A1EFA803}"
EndProject
Project("{2150E333-8FDC-42A3-9474-1A3956D46DE8}") = "_Nexus", "_Nexus", "{8CE0FC50-A411-4502-8737-6DF24C2D69AD}"
EndProject
Project("{2150E333-8FDC-42A3-9474-1A3956D46DE8}") = "_NuGet", "_NuGet", "{CA7EC15E-2C6B-447A-825B-2AA21E7E75F3}"
	ProjectSection(SolutionItems) = preProject
		SubModule.xml = SubModule.xml
	EndProjectSection
EndProject
Project("{9A19103F-16F7-4668-BE54-9A1E7A4F7556}") = "MCM.Implementation.ModLib", "MCM.Implementation.ModLib\MCM.Implementation.ModLib.csproj", "{A606EEA7-A2AA-4070-86CE-1B6EF495150E}"
EndProject
Project("{9A19103F-16F7-4668-BE54-9A1E7A4F7556}") = "MCM.Integrated.NuGet", "MCM.Integrated.NuGet\MCM.Integrated.NuGet.csproj", "{3ED00B0D-690B-40BA-8D6D-EE37E35FA6AE}"
EndProject
Project("{2150E333-8FDC-42A3-9474-1A3956D46DE8}") = "Root", "Root", "{6DA59EA7-D40B-4C02-B0CC-64875B4064CD}"
	ProjectSection(SolutionItems) = preProject
		CONTRIBUTORS.md = CONTRIBUTORS.md
		Directory.Build.props = Directory.Build.props
		Directory.Build.targets = Directory.Build.targets
		LICENSE.txt = LICENSE.txt
		README.md = README.md
	EndProjectSection
EndProject
Project("{9A19103F-16F7-4668-BE54-9A1E7A4F7556}") = "ModLib.Definitions Substitute", "ModLib.Definitions Substitute\ModLib.Definitions Substitute.csproj", "{3EF3A7F5-50FC-4B53-925D-6CF42FA58405}"
EndProject
Project("{2150E333-8FDC-42A3-9474-1A3956D46DE8}") = "ModLib", "ModLib", "{8D3F0DEE-9836-4B89-A258-EC65C09837BC}"
EndProject
Project("{2150E333-8FDC-42A3-9474-1A3956D46DE8}") = "MBO", "MBO", "{0D63F657-9E2B-431E-8F51-314D1E2B00C9}"
EndProject
Project("{9A19103F-16F7-4668-BE54-9A1E7A4F7556}") = "MCM.NuGet", "MCM.NuGet\MCM.NuGet.csproj", "{733451EC-8556-4FC2-8429-31770126D071}"
EndProject
Project("{2150E333-8FDC-42A3-9474-1A3956D46DE8}") = "_Localization", "_Localization", "{FCD88090-9290-4DEF-8AFE-F84D99D03C4A}"
	ProjectSection(SolutionItems) = preProject
		localization.xsd = localization.xsd
		std_MCM.xml = std_MCM.xml
		std_MCM_Implementation.xml = std_MCM_Implementation.xml
		std_MCM_MBO.xml = std_MCM_MBO.xml
		std_MCM_ModLib.xml = std_MCM_ModLib.xml
		std_MCM_UI.xml = std_MCM_UI.xml
	EndProjectSection
EndProject
Project("{9A19103F-16F7-4668-BE54-9A1E7A4F7556}") = "MCM.Custom.ScreenTests", "MCM.Custom.ScreenTests\MCM.Custom.ScreenTests.csproj", "{93218C18-364B-4ADA-8878-65A0D4F6F589}"
EndProject
Global
	GlobalSection(SolutionConfigurationPlatforms) = preSolution
		Debug|Any CPU = Debug|Any CPU
		Release|Any CPU = Release|Any CPU
	EndGlobalSection
	GlobalSection(ProjectConfigurationPlatforms) = postSolution
		{9C153762-291C-455F-9AD4-9B69BFC6D168}.Debug|Any CPU.ActiveCfg = Debug|Any CPU
		{9C153762-291C-455F-9AD4-9B69BFC6D168}.Debug|Any CPU.Build.0 = Debug|Any CPU
		{9C153762-291C-455F-9AD4-9B69BFC6D168}.Release|Any CPU.ActiveCfg = Release|Any CPU
		{9C153762-291C-455F-9AD4-9B69BFC6D168}.Release|Any CPU.Build.0 = Release|Any CPU
		{B56B15AF-8052-4C90-AF03-FC3C2DD0A5BC}.Debug|Any CPU.ActiveCfg = Debug|Any CPU
		{B56B15AF-8052-4C90-AF03-FC3C2DD0A5BC}.Debug|Any CPU.Build.0 = Debug|Any CPU
		{B56B15AF-8052-4C90-AF03-FC3C2DD0A5BC}.Release|Any CPU.ActiveCfg = Release|Any CPU
		{B56B15AF-8052-4C90-AF03-FC3C2DD0A5BC}.Release|Any CPU.Build.0 = Release|Any CPU
		{F2B0224F-C701-4360-AAEC-C18CE8AAD054}.Debug|Any CPU.ActiveCfg = Debug|Any CPU
		{F2B0224F-C701-4360-AAEC-C18CE8AAD054}.Debug|Any CPU.Build.0 = Debug|Any CPU
		{F2B0224F-C701-4360-AAEC-C18CE8AAD054}.Release|Any CPU.ActiveCfg = Release|Any CPU
		{F2B0224F-C701-4360-AAEC-C18CE8AAD054}.Release|Any CPU.Build.0 = Release|Any CPU
		{6AE0792A-78D0-4C8E-BF17-CE4DA5A7ABEF}.Debug|Any CPU.ActiveCfg = Debug|Any CPU
		{6AE0792A-78D0-4C8E-BF17-CE4DA5A7ABEF}.Debug|Any CPU.Build.0 = Debug|Any CPU
		{6AE0792A-78D0-4C8E-BF17-CE4DA5A7ABEF}.Release|Any CPU.ActiveCfg = Release|Any CPU
		{6AE0792A-78D0-4C8E-BF17-CE4DA5A7ABEF}.Release|Any CPU.Build.0 = Release|Any CPU
		{DD310B5C-00CA-4BC1-BD49-0DFFFBA272B1}.Debug|Any CPU.ActiveCfg = Debug|Any CPU
		{DD310B5C-00CA-4BC1-BD49-0DFFFBA272B1}.Debug|Any CPU.Build.0 = Debug|Any CPU
		{DD310B5C-00CA-4BC1-BD49-0DFFFBA272B1}.Release|Any CPU.ActiveCfg = Release|Any CPU
		{DD310B5C-00CA-4BC1-BD49-0DFFFBA272B1}.Release|Any CPU.Build.0 = Release|Any CPU
		{AE2F2735-45DF-4BE5-BBED-0ED46ED8CC4E}.Debug|Any CPU.ActiveCfg = Debug|Any CPU
		{AE2F2735-45DF-4BE5-BBED-0ED46ED8CC4E}.Debug|Any CPU.Build.0 = Debug|Any CPU
		{AE2F2735-45DF-4BE5-BBED-0ED46ED8CC4E}.Release|Any CPU.ActiveCfg = Release|Any CPU
		{AE2F2735-45DF-4BE5-BBED-0ED46ED8CC4E}.Release|Any CPU.Build.0 = Release|Any CPU
		{4E360300-A0BF-400F-8A44-962F04C75C2D}.Debug|Any CPU.ActiveCfg = Debug|Any CPU
		{4E360300-A0BF-400F-8A44-962F04C75C2D}.Debug|Any CPU.Build.0 = Debug|Any CPU
		{4E360300-A0BF-400F-8A44-962F04C75C2D}.Release|Any CPU.ActiveCfg = Release|Any CPU
		{4E360300-A0BF-400F-8A44-962F04C75C2D}.Release|Any CPU.Build.0 = Release|Any CPU
		{A606EEA7-A2AA-4070-86CE-1B6EF495150E}.Debug|Any CPU.ActiveCfg = Debug|Any CPU
		{A606EEA7-A2AA-4070-86CE-1B6EF495150E}.Debug|Any CPU.Build.0 = Debug|Any CPU
		{A606EEA7-A2AA-4070-86CE-1B6EF495150E}.Release|Any CPU.ActiveCfg = Release|Any CPU
		{A606EEA7-A2AA-4070-86CE-1B6EF495150E}.Release|Any CPU.Build.0 = Release|Any CPU
		{3ED00B0D-690B-40BA-8D6D-EE37E35FA6AE}.Debug|Any CPU.ActiveCfg = Debug|Any CPU
		{3ED00B0D-690B-40BA-8D6D-EE37E35FA6AE}.Debug|Any CPU.Build.0 = Debug|Any CPU
		{3ED00B0D-690B-40BA-8D6D-EE37E35FA6AE}.Release|Any CPU.ActiveCfg = Release|Any CPU
		{3ED00B0D-690B-40BA-8D6D-EE37E35FA6AE}.Release|Any CPU.Build.0 = Release|Any CPU
		{3EF3A7F5-50FC-4B53-925D-6CF42FA58405}.Debug|Any CPU.ActiveCfg = Debug|Any CPU
		{3EF3A7F5-50FC-4B53-925D-6CF42FA58405}.Debug|Any CPU.Build.0 = Debug|Any CPU
		{3EF3A7F5-50FC-4B53-925D-6CF42FA58405}.Release|Any CPU.ActiveCfg = Release|Any CPU
		{3EF3A7F5-50FC-4B53-925D-6CF42FA58405}.Release|Any CPU.Build.0 = Release|Any CPU
		{733451EC-8556-4FC2-8429-31770126D071}.Debug|Any CPU.ActiveCfg = Debug|Any CPU
		{733451EC-8556-4FC2-8429-31770126D071}.Debug|Any CPU.Build.0 = Debug|Any CPU
		{733451EC-8556-4FC2-8429-31770126D071}.Release|Any CPU.ActiveCfg = Release|Any CPU
		{733451EC-8556-4FC2-8429-31770126D071}.Release|Any CPU.Build.0 = Release|Any CPU
		{93218C18-364B-4ADA-8878-65A0D4F6F589}.Debug|Any CPU.ActiveCfg = Debug|Any CPU
		{93218C18-364B-4ADA-8878-65A0D4F6F589}.Debug|Any CPU.Build.0 = Debug|Any CPU
		{93218C18-364B-4ADA-8878-65A0D4F6F589}.Release|Any CPU.ActiveCfg = Release|Any CPU
		{93218C18-364B-4ADA-8878-65A0D4F6F589}.Release|Any CPU.Build.0 = Release|Any CPU
	EndGlobalSection
	GlobalSection(SolutionProperties) = preSolution
		HideSolutionNode = FALSE
	EndGlobalSection
	GlobalSection(NestedProjects) = preSolution
		{9C153762-291C-455F-9AD4-9B69BFC6D168} = {6DA59EA7-D40B-4C02-B0CC-64875B4064CD}
		{B56B15AF-8052-4C90-AF03-FC3C2DD0A5BC} = {6DA59EA7-D40B-4C02-B0CC-64875B4064CD}
		{F2B0224F-C701-4360-AAEC-C18CE8AAD054} = {0D63F657-9E2B-431E-8F51-314D1E2B00C9}
		{6AE0792A-78D0-4C8E-BF17-CE4DA5A7ABEF} = {8CE0FC50-A411-4502-8737-6DF24C2D69AD}
		{DD310B5C-00CA-4BC1-BD49-0DFFFBA272B1} = {43511F4A-5CCA-41F0-AEB4-38D8A1EFA803}
		{AE2F2735-45DF-4BE5-BBED-0ED46ED8CC4E} = {6DA59EA7-D40B-4C02-B0CC-64875B4064CD}
		{4E360300-A0BF-400F-8A44-962F04C75C2D} = {8D3F0DEE-9836-4B89-A258-EC65C09837BC}
		{43511F4A-5CCA-41F0-AEB4-38D8A1EFA803} = {6DA59EA7-D40B-4C02-B0CC-64875B4064CD}
		{8CE0FC50-A411-4502-8737-6DF24C2D69AD} = {6DA59EA7-D40B-4C02-B0CC-64875B4064CD}
		{CA7EC15E-2C6B-447A-825B-2AA21E7E75F3} = {6DA59EA7-D40B-4C02-B0CC-64875B4064CD}
		{A606EEA7-A2AA-4070-86CE-1B6EF495150E} = {8D3F0DEE-9836-4B89-A258-EC65C09837BC}
		{3ED00B0D-690B-40BA-8D6D-EE37E35FA6AE} = {CA7EC15E-2C6B-447A-825B-2AA21E7E75F3}
		{3EF3A7F5-50FC-4B53-925D-6CF42FA58405} = {8D3F0DEE-9836-4B89-A258-EC65C09837BC}
		{8D3F0DEE-9836-4B89-A258-EC65C09837BC} = {6DA59EA7-D40B-4C02-B0CC-64875B4064CD}
		{0D63F657-9E2B-431E-8F51-314D1E2B00C9} = {6DA59EA7-D40B-4C02-B0CC-64875B4064CD}
		{733451EC-8556-4FC2-8429-31770126D071} = {CA7EC15E-2C6B-447A-825B-2AA21E7E75F3}
		{FCD88090-9290-4DEF-8AFE-F84D99D03C4A} = {6DA59EA7-D40B-4C02-B0CC-64875B4064CD}
		{93218C18-364B-4ADA-8878-65A0D4F6F589} = {6DA59EA7-D40B-4C02-B0CC-64875B4064CD}
	EndGlobalSection
	GlobalSection(ExtensibilityGlobals) = postSolution
		SolutionGuid = {FF6EB7D0-C9CB-4A8B-AE72-0511907E6821}
	EndGlobalSection
EndGlobal
