
Microsoft Visual Studio Solution File, Format Version 12.00
# Visual Studio Version 16
VisualStudioVersion = 16.0.29519.181
MinimumVisualStudioVersion = 10.0.40219.1
Project("{FAE04EC0-301F-11D3-BF4B-00C04F79EFBC}") = "ModLib", "ModLib.csproj", "{D0D189A7-42C9-4CAB-B182-488C2293A11B}"
EndProject
Global
	GlobalSection(SolutionConfigurationPlatforms) = preSolution
		Debug|Any CPU = Debug|Any CPU
		Release|Any CPU = Release|Any CPU
	EndGlobalSection
	GlobalSection(ProjectConfigurationPlatforms) = postSolution
		{D0D189A7-42C9-4CAB-B182-488C2293A11B}.Debug|Any CPU.ActiveCfg = Debug|Any CPU
		{D0D189A7-42C9-4CAB-B182-488C2293A11B}.Debug|Any CPU.Build.0 = Debug|Any CPU
		{D0D189A7-42C9-4CAB-B182-488C2293A11B}.Release|Any CPU.ActiveCfg = Release|Any CPU
		{D0D189A7-42C9-4CAB-B182-488C2293A11B}.Release|Any CPU.Build.0 = Release|Any CPU
	EndGlobalSection
	GlobalSection(SolutionProperties) = preSolution
		HideSolutionNode = FALSE
	EndGlobalSection
	GlobalSection(ExtensibilityGlobals) = postSolution
		SolutionGuid = {5AC94954-2732-4D2B-A7A8-BBB14D56C9DD}
	EndGlobalSection
EndGlobal
