
Microsoft Visual Studio Solution File, Format Version 12.00
# Visual Studio Version 16
VisualStudioVersion = 16.0.29806.167
MinimumVisualStudioVersion = 10.0.40219.1
Project("{9A19103F-16F7-4668-BE54-9A1E7A4F7556}") = "MCM", "MCM\MCM.csproj", "{9C153762-291C-455F-9AD4-9B69BFC6D168}"
EndProject
Project("{9A19103F-16F7-4668-BE54-9A1E7A4F7556}") = "MCM.NexusMods", "MCM.NexusMods\MCM.NexusMods.csproj", "{6AE0792A-78D0-4C8E-BF17-CE4DA5A7ABEF}"
EndProject
Project("{9A19103F-16F7-4668-BE54-9A1E7A4F7556}") = "MCM.UI", "MCM.UI\MCM.UI.csproj", "{AE2F2735-45DF-4BE5-BBED-0ED46ED8CC4E}"
EndProject
Project("{9A19103F-16F7-4668-BE54-9A1E7A4F7556}") = "ModLib Substitute", "ModLib Substitute\ModLib Substitute.csproj", "{4E360300-A0BF-400F-8A44-962F04C75C2D}"
EndProject
Project("{2150E333-8FDC-42A3-9474-1A3956D46DE8}") = "_Publish", "_Publish", "{8CE0FC50-A411-4502-8737-6DF24C2D69AD}"
EndProject
Project("{9A19103F-16F7-4668-BE54-9A1E7A4F7556}") = "MCM.Implementation.ModLib", "MCM.Implementation.ModLib\MCM.Implementation.ModLib.csproj", "{A606EEA7-A2AA-4070-86CE-1B6EF495150E}"
EndProject
Project("{2150E333-8FDC-42A3-9474-1A3956D46DE8}") = "root", "root", "{6DA59EA7-D40B-4C02-B0CC-64875B4064CD}"
	ProjectSection(SolutionItems) = preProject
		..\changelog.txt = ..\changelog.txt
		..\Settings.StyleCop = ..\Settings.StyleCop
	EndProjectSection
EndProject
Project("{9A19103F-16F7-4668-BE54-9A1E7A4F7556}") = "ModLib.Definitions Substitute", "ModLib.Definitions Substitute\ModLib.Definitions Substitute.csproj", "{3EF3A7F5-50FC-4B53-925D-6CF42FA58405}"
EndProject
Project("{2150E333-8FDC-42A3-9474-1A3956D46DE8}") = "ModLib", "ModLib", "{8D3F0DEE-9836-4B89-A258-EC65C09837BC}"
EndProject
Project("{2150E333-8FDC-42A3-9474-1A3956D46DE8}") = "_Localization", "_Localization", "{FCD88090-9290-4DEF-8AFE-F84D99D03C4A}"
	ProjectSection(SolutionItems) = preProject
		Localization\localization.xsd = Localization\localization.xsd
		Localization\std_MCM.xml = Localization\std_MCM.xml
		Localization\std_MCM_Implementation.xml = Localization\std_MCM_Implementation.xml
		Localization\std_MCM_MBO.xml = Localization\std_MCM_MBO.xml
		Localization\std_MCM_ModLib.xml = Localization\std_MCM_ModLib.xml
		Localization\std_MCM_UI.xml = Localization\std_MCM_UI.xml
	EndProjectSection
EndProject
Project("{9A19103F-16F7-4668-BE54-9A1E7A4F7556}") = "MCM.Custom.ScreenTests", "MCM.Custom.ScreenTests\MCM.Custom.ScreenTests.csproj", "{93218C18-364B-4ADA-8878-65A0D4F6F589}"
EndProject
Project("{2150E333-8FDC-42A3-9474-1A3956D46DE8}") = "Tests", "Tests", "{87102D65-63F1-4A21-A218-C6D2F260BCE4}"
EndProject
Project("{9A19103F-16F7-4668-BE54-9A1E7A4F7556}") = "MCM.Tests", "MCM.Tests\MCM.Tests.csproj", "{B57AEF0F-CD7E-482E-99B7-8885F2CCD8CA}"
EndProject
Project("{2150E333-8FDC-42A3-9474-1A3956D46DE8}") = "src", "src", "{013467E6-5CC6-4899-B549-EC5441CB3AB6}"
	ProjectSection(SolutionItems) = preProject
		nuget.config = nuget.config
	EndProjectSection
EndProject
Project("{2150E333-8FDC-42A3-9474-1A3956D46DE8}") = "build", "build", "{8A92126A-70CA-47BF-B208-E49E47A9E707}"
	ProjectSection(SolutionItems) = preProject
		..\build\common.props = ..\build\common.props
		..\build\common.targets = ..\build\common.targets
		..\build\github-actions.props = ..\build\github-actions.props
	EndProjectSection
EndProject
Project("{2150E333-8FDC-42A3-9474-1A3956D46DE8}") = "MCMv3", "MCMv3", "{698918F1-18D4-4E5F-849A-3C81B724EC28}"
EndProject
Project("{9A19103F-16F7-4668-BE54-9A1E7A4F7556}") = "MCM.Implementation.MCMv3", "MCM.Implementation.MCMv3\MCM.Implementation.MCMv3.csproj", "{94DECE01-AE9B-476C-82BE-0DE680E38FA2}"
EndProject
Project("{2150E333-8FDC-42A3-9474-1A3956D46DE8}") = "workflows", "workflows", "{01264F42-8EC3-4920-AF18-FB316F5BFB9A}"
	ProjectSection(SolutionItems) = preProject
		..\.github\workflows\docfx.yml = ..\.github\workflows\docfx.yml
		..\.github\workflows\nexusmods-cookies.yml = ..\.github\workflows\nexusmods-cookies.yml
		..\.github\workflows\test-and-publish.yml = ..\.github\workflows\test-and-publish.yml
		..\.github\workflows\test.yml = ..\.github\workflows\test.yml
	EndProjectSection
EndProject
Project("{2150E333-8FDC-42A3-9474-1A3956D46DE8}") = "docs", "docs", "{560DE987-D9C8-431C-A197-08C925905C24}"
	ProjectSection(SolutionItems) = preProject
		..\docs\articles\contributors.md = ..\docs\articles\contributors.md
		..\docs\articles\index.md = ..\docs\articles\index.md
		..\docs\articles\toc.yml = ..\docs\articles\toc.yml
	EndProjectSection
EndProject
Project("{2150E333-8FDC-42A3-9474-1A3956D46DE8}") = "MCMv3", "MCMv3", "{FB5D85DA-B398-4820-AD1F-C79D83543921}"
	ProjectSection(SolutionItems) = preProject
		..\docs\articles\MCMv3\mcmv3-attributes.md = ..\docs\articles\MCMv3\mcmv3-attributes.md
		..\docs\articles\MCMv3\mcmv3-fluent-builder.md = ..\docs\articles\MCMv3\mcmv3-fluent-builder.md
		..\docs\articles\MCMv3\mcmv3-soft-dependency.md = ..\docs\articles\MCMv3\mcmv3-soft-dependency.md
		..\docs\articles\MCMv3\mcmv3.md = ..\docs\articles\MCMv3\mcmv3.md
		..\docs\articles\MCMv3\toc.yml = ..\docs\articles\MCMv3\toc.yml
	EndProjectSection
EndProject
Project("{2150E333-8FDC-42A3-9474-1A3956D46DE8}") = "MCMv4", "MCMv4", "{A8BBD326-8B9E-41E4-8219-030B8E42EBBA}"
	ProjectSection(SolutionItems) = preProject
		..\docs\articles\MCMv4\mcmv4-migrating-from-mcmv3.md = ..\docs\articles\MCMv4\mcmv4-migrating-from-mcmv3.md
		..\docs\articles\MCMv4\mcmv4-soft-dependency.md = ..\docs\articles\MCMv4\mcmv4-soft-dependency.md
		..\docs\articles\MCMv4\mcmv4.md = ..\docs\articles\MCMv4\mcmv4.md
		..\docs\articles\MCMv4\toc.yml = ..\docs\articles\MCMv4\toc.yml
	EndProjectSection
EndProject
Project("{2150E333-8FDC-42A3-9474-1A3956D46DE8}") = "MCMv2", "MCMv2", "{FFCD62E1-D894-4A2C-AAFD-9CEAF3B47410}"
	ProjectSection(SolutionItems) = preProject
		..\docs\articles\MCMv2\attributes.md = ..\docs\articles\MCMv2\attributes.md
		..\docs\articles\MCMv2\comparing-to-modlib.md = ..\docs\articles\MCMv2\comparing-to-modlib.md
		..\docs\articles\MCMv2\migrating-to-v2.md = ..\docs\articles\MCMv2\migrating-to-v2.md
		..\docs\articles\MCMv2\project-example.md = ..\docs\articles\MCMv2\project-example.md
		..\docs\articles\MCMv2\toc.yml = ..\docs\articles\MCMv2\toc.yml
	EndProjectSection
EndProject
Project("{2150E333-8FDC-42A3-9474-1A3956D46DE8}") = "Installation", "Installation", "{10C9E9D7-3357-4A84-BC9E-E79832895BA1}"
	ProjectSection(SolutionItems) = preProject
		..\docs\articles\MCMv2\Installation\editing-submodule.xml.md = ..\docs\articles\MCMv2\Installation\editing-submodule.xml.md
		..\docs\articles\MCMv2\Installation\installation.md = ..\docs\articles\MCMv2\Installation\installation.md
		..\docs\articles\MCMv2\Installation\settings-definition-example.md = ..\docs\articles\MCMv2\Installation\settings-definition-example.md
		..\docs\articles\MCMv2\Installation\toc.yml = ..\docs\articles\MCMv2\Installation\toc.yml
	EndProjectSection
EndProject
Project("{2150E333-8FDC-42A3-9474-1A3956D46DE8}") = "GitHub Actions", "GitHub Actions", "{FA2C4FBF-CECC-465F-9132-F98D11C08C75}"
	ProjectSection(SolutionItems) = preProject
		..\docs\articles\GitHub Actions\environment-variables-used.md = ..\docs\articles\GitHub Actions\environment-variables-used.md
		..\docs\articles\GitHub Actions\index.md = ..\docs\articles\GitHub Actions\index.md
		..\docs\articles\GitHub Actions\toc.yml = ..\docs\articles\GitHub Actions\toc.yml
	EndProjectSection
EndProject
Global
	GlobalSection(SolutionConfigurationPlatforms) = preSolution
		Beta_Debug|Any CPU = Beta_Debug|Any CPU
		Beta_Release|Any CPU = Beta_Release|Any CPU
		Stable_Debug|Any CPU = Stable_Debug|Any CPU
		Stable_Release|Any CPU = Stable_Release|Any CPU
	EndGlobalSection
	GlobalSection(ProjectConfigurationPlatforms) = postSolution
		{9C153762-291C-455F-9AD4-9B69BFC6D168}.Beta_Debug|Any CPU.ActiveCfg = Debug|Any CPU
		{9C153762-291C-455F-9AD4-9B69BFC6D168}.Beta_Debug|Any CPU.Build.0 = Debug|Any CPU
		{9C153762-291C-455F-9AD4-9B69BFC6D168}.Beta_Release|Any CPU.ActiveCfg = Release|Any CPU
		{9C153762-291C-455F-9AD4-9B69BFC6D168}.Beta_Release|Any CPU.Build.0 = Release|Any CPU
		{9C153762-291C-455F-9AD4-9B69BFC6D168}.Stable_Debug|Any CPU.ActiveCfg = Debug|Any CPU
		{9C153762-291C-455F-9AD4-9B69BFC6D168}.Stable_Debug|Any CPU.Build.0 = Debug|Any CPU
		{9C153762-291C-455F-9AD4-9B69BFC6D168}.Stable_Release|Any CPU.ActiveCfg = Release|Any CPU
		{9C153762-291C-455F-9AD4-9B69BFC6D168}.Stable_Release|Any CPU.Build.0 = Release|Any CPU
		{6AE0792A-78D0-4C8E-BF17-CE4DA5A7ABEF}.Beta_Debug|Any CPU.ActiveCfg = Beta_Debug|Any CPU
		{6AE0792A-78D0-4C8E-BF17-CE4DA5A7ABEF}.Beta_Debug|Any CPU.Build.0 = Beta_Debug|Any CPU
		{6AE0792A-78D0-4C8E-BF17-CE4DA5A7ABEF}.Beta_Release|Any CPU.ActiveCfg = Beta_Release|Any CPU
		{6AE0792A-78D0-4C8E-BF17-CE4DA5A7ABEF}.Beta_Release|Any CPU.Build.0 = Beta_Release|Any CPU
		{6AE0792A-78D0-4C8E-BF17-CE4DA5A7ABEF}.Stable_Debug|Any CPU.ActiveCfg = Stable_Debug|Any CPU
		{6AE0792A-78D0-4C8E-BF17-CE4DA5A7ABEF}.Stable_Debug|Any CPU.Build.0 = Stable_Debug|Any CPU
		{6AE0792A-78D0-4C8E-BF17-CE4DA5A7ABEF}.Stable_Release|Any CPU.ActiveCfg = Stable_Release|Any CPU
		{6AE0792A-78D0-4C8E-BF17-CE4DA5A7ABEF}.Stable_Release|Any CPU.Build.0 = Stable_Release|Any CPU
		{AE2F2735-45DF-4BE5-BBED-0ED46ED8CC4E}.Beta_Debug|Any CPU.ActiveCfg = Debug|Any CPU
		{AE2F2735-45DF-4BE5-BBED-0ED46ED8CC4E}.Beta_Debug|Any CPU.Build.0 = Debug|Any CPU
		{AE2F2735-45DF-4BE5-BBED-0ED46ED8CC4E}.Beta_Release|Any CPU.ActiveCfg = Release|Any CPU
		{AE2F2735-45DF-4BE5-BBED-0ED46ED8CC4E}.Beta_Release|Any CPU.Build.0 = Release|Any CPU
		{AE2F2735-45DF-4BE5-BBED-0ED46ED8CC4E}.Stable_Debug|Any CPU.ActiveCfg = Debug|Any CPU
		{AE2F2735-45DF-4BE5-BBED-0ED46ED8CC4E}.Stable_Debug|Any CPU.Build.0 = Debug|Any CPU
		{AE2F2735-45DF-4BE5-BBED-0ED46ED8CC4E}.Stable_Release|Any CPU.ActiveCfg = Release|Any CPU
		{AE2F2735-45DF-4BE5-BBED-0ED46ED8CC4E}.Stable_Release|Any CPU.Build.0 = Release|Any CPU
		{4E360300-A0BF-400F-8A44-962F04C75C2D}.Beta_Debug|Any CPU.ActiveCfg = Debug|Any CPU
		{4E360300-A0BF-400F-8A44-962F04C75C2D}.Beta_Debug|Any CPU.Build.0 = Debug|Any CPU
		{4E360300-A0BF-400F-8A44-962F04C75C2D}.Beta_Release|Any CPU.ActiveCfg = Release|Any CPU
		{4E360300-A0BF-400F-8A44-962F04C75C2D}.Beta_Release|Any CPU.Build.0 = Release|Any CPU
		{4E360300-A0BF-400F-8A44-962F04C75C2D}.Stable_Debug|Any CPU.ActiveCfg = Debug|Any CPU
		{4E360300-A0BF-400F-8A44-962F04C75C2D}.Stable_Debug|Any CPU.Build.0 = Debug|Any CPU
		{4E360300-A0BF-400F-8A44-962F04C75C2D}.Stable_Release|Any CPU.ActiveCfg = Release|Any CPU
		{4E360300-A0BF-400F-8A44-962F04C75C2D}.Stable_Release|Any CPU.Build.0 = Release|Any CPU
		{A606EEA7-A2AA-4070-86CE-1B6EF495150E}.Beta_Debug|Any CPU.ActiveCfg = Debug|Any CPU
		{A606EEA7-A2AA-4070-86CE-1B6EF495150E}.Beta_Debug|Any CPU.Build.0 = Debug|Any CPU
		{A606EEA7-A2AA-4070-86CE-1B6EF495150E}.Beta_Release|Any CPU.ActiveCfg = Release|Any CPU
		{A606EEA7-A2AA-4070-86CE-1B6EF495150E}.Beta_Release|Any CPU.Build.0 = Release|Any CPU
		{A606EEA7-A2AA-4070-86CE-1B6EF495150E}.Stable_Debug|Any CPU.ActiveCfg = Debug|Any CPU
		{A606EEA7-A2AA-4070-86CE-1B6EF495150E}.Stable_Debug|Any CPU.Build.0 = Debug|Any CPU
		{A606EEA7-A2AA-4070-86CE-1B6EF495150E}.Stable_Release|Any CPU.ActiveCfg = Release|Any CPU
		{A606EEA7-A2AA-4070-86CE-1B6EF495150E}.Stable_Release|Any CPU.Build.0 = Release|Any CPU
		{3EF3A7F5-50FC-4B53-925D-6CF42FA58405}.Beta_Debug|Any CPU.ActiveCfg = Debug|Any CPU
		{3EF3A7F5-50FC-4B53-925D-6CF42FA58405}.Beta_Debug|Any CPU.Build.0 = Debug|Any CPU
		{3EF3A7F5-50FC-4B53-925D-6CF42FA58405}.Beta_Release|Any CPU.ActiveCfg = Release|Any CPU
		{3EF3A7F5-50FC-4B53-925D-6CF42FA58405}.Beta_Release|Any CPU.Build.0 = Release|Any CPU
		{3EF3A7F5-50FC-4B53-925D-6CF42FA58405}.Stable_Debug|Any CPU.ActiveCfg = Debug|Any CPU
		{3EF3A7F5-50FC-4B53-925D-6CF42FA58405}.Stable_Debug|Any CPU.Build.0 = Debug|Any CPU
		{3EF3A7F5-50FC-4B53-925D-6CF42FA58405}.Stable_Release|Any CPU.ActiveCfg = Release|Any CPU
		{3EF3A7F5-50FC-4B53-925D-6CF42FA58405}.Stable_Release|Any CPU.Build.0 = Release|Any CPU
		{93218C18-364B-4ADA-8878-65A0D4F6F589}.Beta_Debug|Any CPU.ActiveCfg = Debug|Any CPU
		{93218C18-364B-4ADA-8878-65A0D4F6F589}.Beta_Debug|Any CPU.Build.0 = Debug|Any CPU
		{93218C18-364B-4ADA-8878-65A0D4F6F589}.Beta_Release|Any CPU.ActiveCfg = Release|Any CPU
		{93218C18-364B-4ADA-8878-65A0D4F6F589}.Beta_Release|Any CPU.Build.0 = Release|Any CPU
		{93218C18-364B-4ADA-8878-65A0D4F6F589}.Stable_Debug|Any CPU.ActiveCfg = Debug|Any CPU
		{93218C18-364B-4ADA-8878-65A0D4F6F589}.Stable_Debug|Any CPU.Build.0 = Debug|Any CPU
		{93218C18-364B-4ADA-8878-65A0D4F6F589}.Stable_Release|Any CPU.ActiveCfg = Release|Any CPU
		{93218C18-364B-4ADA-8878-65A0D4F6F589}.Stable_Release|Any CPU.Build.0 = Release|Any CPU
		{B57AEF0F-CD7E-482E-99B7-8885F2CCD8CA}.Beta_Debug|Any CPU.ActiveCfg = Beta_Debug|Any CPU
		{B57AEF0F-CD7E-482E-99B7-8885F2CCD8CA}.Beta_Debug|Any CPU.Build.0 = Beta_Debug|Any CPU
		{B57AEF0F-CD7E-482E-99B7-8885F2CCD8CA}.Beta_Release|Any CPU.ActiveCfg = Beta_Release|Any CPU
		{B57AEF0F-CD7E-482E-99B7-8885F2CCD8CA}.Beta_Release|Any CPU.Build.0 = Beta_Release|Any CPU
		{B57AEF0F-CD7E-482E-99B7-8885F2CCD8CA}.Stable_Debug|Any CPU.ActiveCfg = Stable_Debug|Any CPU
		{B57AEF0F-CD7E-482E-99B7-8885F2CCD8CA}.Stable_Debug|Any CPU.Build.0 = Stable_Debug|Any CPU
		{B57AEF0F-CD7E-482E-99B7-8885F2CCD8CA}.Stable_Release|Any CPU.ActiveCfg = Stable_Release|Any CPU
		{B57AEF0F-CD7E-482E-99B7-8885F2CCD8CA}.Stable_Release|Any CPU.Build.0 = Stable_Release|Any CPU
		{94DECE01-AE9B-476C-82BE-0DE680E38FA2}.Beta_Debug|Any CPU.ActiveCfg = Debug|Any CPU
		{94DECE01-AE9B-476C-82BE-0DE680E38FA2}.Beta_Debug|Any CPU.Build.0 = Debug|Any CPU
		{94DECE01-AE9B-476C-82BE-0DE680E38FA2}.Beta_Release|Any CPU.ActiveCfg = Release|Any CPU
		{94DECE01-AE9B-476C-82BE-0DE680E38FA2}.Beta_Release|Any CPU.Build.0 = Release|Any CPU
		{94DECE01-AE9B-476C-82BE-0DE680E38FA2}.Stable_Debug|Any CPU.ActiveCfg = Debug|Any CPU
		{94DECE01-AE9B-476C-82BE-0DE680E38FA2}.Stable_Debug|Any CPU.Build.0 = Debug|Any CPU
		{94DECE01-AE9B-476C-82BE-0DE680E38FA2}.Stable_Release|Any CPU.ActiveCfg = Release|Any CPU
		{94DECE01-AE9B-476C-82BE-0DE680E38FA2}.Stable_Release|Any CPU.Build.0 = Release|Any CPU
	EndGlobalSection
	GlobalSection(SolutionProperties) = preSolution
		HideSolutionNode = FALSE
	EndGlobalSection
	GlobalSection(NestedProjects) = preSolution
		{9C153762-291C-455F-9AD4-9B69BFC6D168} = {013467E6-5CC6-4899-B549-EC5441CB3AB6}
		{6AE0792A-78D0-4C8E-BF17-CE4DA5A7ABEF} = {8CE0FC50-A411-4502-8737-6DF24C2D69AD}
		{AE2F2735-45DF-4BE5-BBED-0ED46ED8CC4E} = {013467E6-5CC6-4899-B549-EC5441CB3AB6}
		{4E360300-A0BF-400F-8A44-962F04C75C2D} = {8D3F0DEE-9836-4B89-A258-EC65C09837BC}
		{8CE0FC50-A411-4502-8737-6DF24C2D69AD} = {013467E6-5CC6-4899-B549-EC5441CB3AB6}
		{A606EEA7-A2AA-4070-86CE-1B6EF495150E} = {8D3F0DEE-9836-4B89-A258-EC65C09837BC}
		{3EF3A7F5-50FC-4B53-925D-6CF42FA58405} = {8D3F0DEE-9836-4B89-A258-EC65C09837BC}
		{8D3F0DEE-9836-4B89-A258-EC65C09837BC} = {013467E6-5CC6-4899-B549-EC5441CB3AB6}
		{FCD88090-9290-4DEF-8AFE-F84D99D03C4A} = {013467E6-5CC6-4899-B549-EC5441CB3AB6}
		{93218C18-364B-4ADA-8878-65A0D4F6F589} = {87102D65-63F1-4A21-A218-C6D2F260BCE4}
		{87102D65-63F1-4A21-A218-C6D2F260BCE4} = {013467E6-5CC6-4899-B549-EC5441CB3AB6}
		{B57AEF0F-CD7E-482E-99B7-8885F2CCD8CA} = {87102D65-63F1-4A21-A218-C6D2F260BCE4}
		{013467E6-5CC6-4899-B549-EC5441CB3AB6} = {6DA59EA7-D40B-4C02-B0CC-64875B4064CD}
		{8A92126A-70CA-47BF-B208-E49E47A9E707} = {6DA59EA7-D40B-4C02-B0CC-64875B4064CD}
		{698918F1-18D4-4E5F-849A-3C81B724EC28} = {013467E6-5CC6-4899-B549-EC5441CB3AB6}
		{94DECE01-AE9B-476C-82BE-0DE680E38FA2} = {698918F1-18D4-4E5F-849A-3C81B724EC28}
		{01264F42-8EC3-4920-AF18-FB316F5BFB9A} = {6DA59EA7-D40B-4C02-B0CC-64875B4064CD}
		{560DE987-D9C8-431C-A197-08C925905C24} = {6DA59EA7-D40B-4C02-B0CC-64875B4064CD}
		{FB5D85DA-B398-4820-AD1F-C79D83543921} = {560DE987-D9C8-431C-A197-08C925905C24}
		{A8BBD326-8B9E-41E4-8219-030B8E42EBBA} = {560DE987-D9C8-431C-A197-08C925905C24}
		{FFCD62E1-D894-4A2C-AAFD-9CEAF3B47410} = {560DE987-D9C8-431C-A197-08C925905C24}
		{10C9E9D7-3357-4A84-BC9E-E79832895BA1} = {FFCD62E1-D894-4A2C-AAFD-9CEAF3B47410}
		{FA2C4FBF-CECC-465F-9132-F98D11C08C75} = {560DE987-D9C8-431C-A197-08C925905C24}
	EndGlobalSection
	GlobalSection(ExtensibilityGlobals) = postSolution
		SolutionGuid = {FF6EB7D0-C9CB-4A8B-AE72-0511907E6821}
	EndGlobalSection
EndGlobal
